// !$*UTF8*$!
{
	archiveVersion = 1;
	classes = {
	};
	objectVersion = 56;
	objects = {

/* Begin PBXBuildFile section */
		4754AB222C8E8DA0004FFCA0 /* 仓耳今楷01-W05.ttf in Resources */ = {isa = PBXBuildFile; fileRef = 4754AB212C8E8DA0004FFCA0 /* 仓耳今楷01-W05.ttf */; };
		4754AB232C8E8DA0004FFCA0 /* 仓耳今楷01-W05.ttf in Resources */ = {isa = PBXBuildFile; fileRef = 4754AB212C8E8DA0004FFCA0 /* 仓耳今楷01-W05.ttf */; };
		4754AB242C8E8DA0004FFCA0 /* 仓耳今楷01-W05.ttf in Resources */ = {isa = PBXBuildFile; fileRef = 4754AB212C8E8DA0004FFCA0 /* 仓耳今楷01-W05.ttf */; };
		47826FBA2C8F5A4500D2D8F4 /* OpenAIModels.swift in Sources */ = {isa = PBXBuildFile; fileRef = 47826FAE2C8F5A4400D2D8F4 /* OpenAIModels.swift */; };
		47826FBB2C8F5A4500D2D8F4 /* TextCorrectionError.swift in Sources */ = {isa = PBXBuildFile; fileRef = 47826FAF2C8F5A4400D2D8F4 /* TextCorrectionError.swift */; };
		47826FBC2C8F5A4500D2D8F4 /* AppDelegate.swift in Sources */ = {isa = PBXBuildFile; fileRef = 47826FB02C8F5A4400D2D8F4 /* AppDelegate.swift */; };
		47826FBD2C8F5A4500D2D8F4 /* OpenAIService.swift in Sources */ = {isa = PBXBuildFile; fileRef = 47826FB12C8F5A4400D2D8F4 /* OpenAIService.swift */; };
		47826FBE2C8F5A4500D2D8F4 /* TextProcessing.swift in Sources */ = {isa = PBXBuildFile; fileRef = 47826FB22C8F5A4400D2D8F4 /* TextProcessing.swift */; };
		47826FBF2C8F5A4500D2D8F4 /* AccessibilityManager.swift in Sources */ = {isa = PBXBuildFile; fileRef = 47826FB32C8F5A4400D2D8F4 /* AccessibilityManager.swift */; };
		47826FC02C8F5A4500D2D8F4 /* Utilities.swift in Sources */ = {isa = PBXBuildFile; fileRef = 47826FB42C8F5A4500D2D8F4 /* Utilities.swift */; };
		47826FC12C8F5A4500D2D8F4 /* TextWindowManager.swift in Sources */ = {isa = PBXBuildFile; fileRef = 47826FB52C8F5A4500D2D8F4 /* TextWindowManager.swift */; };
		47826FC22C8F5A4500D2D8F4 /* StatusItemManager.swift in Sources */ = {isa = PBXBuildFile; fileRef = 47826FB62C8F5A4500D2D8F4 /* StatusItemManager.swift */; };
		47826FC32C8F5A4500D2D8F4 /* PasteboardManager.swift in Sources */ = {isa = PBXBuildFile; fileRef = 47826FB72C8F5A4500D2D8F4 /* PasteboardManager.swift */; };
		47826FC42C8F5A4500D2D8F4 /* NSColorExtension.swift in Sources */ = {isa = PBXBuildFile; fileRef = 47826FB82C8F5A4500D2D8F4 /* NSColorExtension.swift */; };
		47826FC52C8F5A4500D2D8F4 /* HotKeyManager.swift in Sources */ = {isa = PBXBuildFile; fileRef = 47826FB92C8F5A4500D2D8F4 /* HotKeyManager.swift */; };
		47826FC72C8F616100D2D8F4 /* Info.plist in Resources */ = {isa = PBXBuildFile; fileRef = 47826FC62C8F616100D2D8F4 /* Info.plist */; };
		47826FCA2C901C7B00D2D8F4 /* Differ in Frameworks */ = {isa = PBXBuildFile; productRef = 47826FC92C901C7B00D2D8F4 /* Differ */; };
		47826FCD2C90317A00D2D8F4 /* PythonKit in Frameworks */ = {isa = PBXBuildFile; productRef = 47826FCC2C90317A00D2D8F4 /* PythonKit */; };
		478434202C8C38D500456192 /* TextCorrectionApp.swift in Sources */ = {isa = PBXBuildFile; fileRef = 4784341F2C8C38D500456192 /* TextCorrectionApp.swift */; };
		478434222C8C38D500456192 /* ContentView.swift in Sources */ = {isa = PBXBuildFile; fileRef = 478434212C8C38D500456192 /* ContentView.swift */; };
		478434242C8C38D700456192 /* Assets.xcassets in Resources */ = {isa = PBXBuildFile; fileRef = 478434232C8C38D700456192 /* Assets.xcassets */; };
		478434272C8C38D700456192 /* Preview Assets.xcassets in Resources */ = {isa = PBXBuildFile; fileRef = 478434262C8C38D700456192 /* Preview Assets.xcassets */; };
		478434322C8C38D700456192 /* TextCorrectionTests.swift in Sources */ = {isa = PBXBuildFile; fileRef = 478434312C8C38D700456192 /* TextCorrectionTests.swift */; };
		4784343C2C8C38D700456192 /* TextCorrectionUITests.swift in Sources */ = {isa = PBXBuildFile; fileRef = 4784343B2C8C38D700456192 /* TextCorrectionUITests.swift */; };
		4784343E2C8C38D700456192 /* TextCorrectionUITestsLaunchTests.swift in Sources */ = {isa = PBXBuildFile; fileRef = 4784343D2C8C38D700456192 /* TextCorrectionUITestsLaunchTests.swift */; };
		47C086302C8CC27D00030313 /* HotKey in Frameworks */ = {isa = PBXBuildFile; productRef = 47C0862F2C8CC27D00030313 /* HotKey */; };
		47C086332C8DB15700030313 /* DifferenceKit in Frameworks */ = {isa = PBXBuildFile; productRef = 47C086322C8DB15700030313 /* DifferenceKit */; };
		47C086352C8DB1D800030313 /* DifferenceKit in Frameworks */ = {isa = PBXBuildFile; productRef = 47C086342C8DB1D800030313 /* DifferenceKit */; };
		47C086372C8DB1EF00030313 /* DifferenceKit in Frameworks */ = {isa = PBXBuildFile; productRef = 47C086362C8DB1EF00030313 /* DifferenceKit */; };
/* End PBXBuildFile section */

/* Begin PBXContainerItemProxy section */
		4784342E2C8C38D700456192 /* PBXContainerItemProxy */ = {
			isa = PBXContainerItemProxy;
			containerPortal = 478434142C8C38D500456192 /* Project object */;
			proxyType = 1;
			remoteGlobalIDString = 4784341B2C8C38D500456192;
			remoteInfo = TextCorrection;
		};
		478434382C8C38D700456192 /* PBXContainerItemProxy */ = {
			isa = PBXContainerItemProxy;
			containerPortal = 478434142C8C38D500456192 /* Project object */;
			proxyType = 1;
			remoteGlobalIDString = 4784341B2C8C38D500456192;
			remoteInfo = TextCorrection;
		};
/* End PBXContainerItemProxy section */

/* Begin PBXFileReference section */
		4754AB212C8E8DA0004FFCA0 /* 仓耳今楷01-W05.ttf */ = {isa = PBXFileReference; lastKnownFileType = file; path = "仓耳今楷01-W05.ttf"; sourceTree = "<group>"; };
		47826FAE2C8F5A4400D2D8F4 /* OpenAIModels.swift */ = {isa = PBXFileReference; fileEncoding = 4; lastKnownFileType = sourcecode.swift; path = OpenAIModels.swift; sourceTree = "<group>"; };
		47826FAF2C8F5A4400D2D8F4 /* TextCorrectionError.swift */ = {isa = PBXFileReference; fileEncoding = 4; lastKnownFileType = sourcecode.swift; path = TextCorrectionError.swift; sourceTree = "<group>"; };
		47826FB02C8F5A4400D2D8F4 /* AppDelegate.swift */ = {isa = PBXFileReference; fileEncoding = 4; lastKnownFileType = sourcecode.swift; path = AppDelegate.swift; sourceTree = "<group>"; };
		47826FB12C8F5A4400D2D8F4 /* OpenAIService.swift */ = {isa = PBXFileReference; fileEncoding = 4; lastKnownFileType = sourcecode.swift; path = OpenAIService.swift; sourceTree = "<group>"; };
		47826FB22C8F5A4400D2D8F4 /* TextProcessing.swift */ = {isa = PBXFileReference; fileEncoding = 4; lastKnownFileType = sourcecode.swift; path = TextProcessing.swift; sourceTree = "<group>"; };
		47826FB32C8F5A4400D2D8F4 /* AccessibilityManager.swift */ = {isa = PBXFileReference; fileEncoding = 4; lastKnownFileType = sourcecode.swift; path = AccessibilityManager.swift; sourceTree = "<group>"; };
		47826FB42C8F5A4500D2D8F4 /* Utilities.swift */ = {isa = PBXFileReference; fileEncoding = 4; lastKnownFileType = sourcecode.swift; path = Utilities.swift; sourceTree = "<group>"; };
		47826FB52C8F5A4500D2D8F4 /* TextWindowManager.swift */ = {isa = PBXFileReference; fileEncoding = 4; lastKnownFileType = sourcecode.swift; path = TextWindowManager.swift; sourceTree = "<group>"; };
		47826FB62C8F5A4500D2D8F4 /* StatusItemManager.swift */ = {isa = PBXFileReference; fileEncoding = 4; lastKnownFileType = sourcecode.swift; path = StatusItemManager.swift; sourceTree = "<group>"; };
		47826FB72C8F5A4500D2D8F4 /* PasteboardManager.swift */ = {isa = PBXFileReference; fileEncoding = 4; lastKnownFileType = sourcecode.swift; path = PasteboardManager.swift; sourceTree = "<group>"; };
		47826FB82C8F5A4500D2D8F4 /* NSColorExtension.swift */ = {isa = PBXFileReference; fileEncoding = 4; lastKnownFileType = sourcecode.swift; path = NSColorExtension.swift; sourceTree = "<group>"; };
		47826FB92C8F5A4500D2D8F4 /* HotKeyManager.swift */ = {isa = PBXFileReference; fileEncoding = 4; lastKnownFileType = sourcecode.swift; path = HotKeyManager.swift; sourceTree = "<group>"; };
		47826FC62C8F616100D2D8F4 /* Info.plist */ = {isa = PBXFileReference; fileEncoding = 4; lastKnownFileType = text.plist.xml; path = Info.plist; sourceTree = SOURCE_ROOT; };
		4784341C2C8C38D500456192 /* TextCorrection.app */ = {isa = PBXFileReference; explicitFileType = wrapper.application; includeInIndex = 0; path = TextCorrection.app; sourceTree = BUILT_PRODUCTS_DIR; };
		4784341F2C8C38D500456192 /* TextCorrectionApp.swift */ = {isa = PBXFileReference; lastKnownFileType = sourcecode.swift; path = TextCorrectionApp.swift; sourceTree = "<group>"; };
		478434212C8C38D500456192 /* ContentView.swift */ = {isa = PBXFileReference; lastKnownFileType = sourcecode.swift; path = ContentView.swift; sourceTree = "<group>"; };
		478434232C8C38D700456192 /* Assets.xcassets */ = {isa = PBXFileReference; lastKnownFileType = folder.assetcatalog; path = Assets.xcassets; sourceTree = "<group>"; };
		478434262C8C38D700456192 /* Preview Assets.xcassets */ = {isa = PBXFileReference; lastKnownFileType = folder.assetcatalog; path = "Preview Assets.xcassets"; sourceTree = "<group>"; };
		478434282C8C38D700456192 /* TextCorrection.entitlements */ = {isa = PBXFileReference; lastKnownFileType = text.plist.entitlements; path = TextCorrection.entitlements; sourceTree = "<group>"; };
		4784342D2C8C38D700456192 /* TextCorrectionTests.xctest */ = {isa = PBXFileReference; explicitFileType = wrapper.cfbundle; includeInIndex = 0; path = TextCorrectionTests.xctest; sourceTree = BUILT_PRODUCTS_DIR; };
		478434312C8C38D700456192 /* TextCorrectionTests.swift */ = {isa = PBXFileReference; lastKnownFileType = sourcecode.swift; path = TextCorrectionTests.swift; sourceTree = "<group>"; };
		478434372C8C38D700456192 /* TextCorrectionUITests.xctest */ = {isa = PBXFileReference; explicitFileType = wrapper.cfbundle; includeInIndex = 0; path = TextCorrectionUITests.xctest; sourceTree = BUILT_PRODUCTS_DIR; };
		4784343B2C8C38D700456192 /* TextCorrectionUITests.swift */ = {isa = PBXFileReference; lastKnownFileType = sourcecode.swift; path = TextCorrectionUITests.swift; sourceTree = "<group>"; };
		4784343D2C8C38D700456192 /* TextCorrectionUITestsLaunchTests.swift */ = {isa = PBXFileReference; lastKnownFileType = sourcecode.swift; path = TextCorrectionUITestsLaunchTests.swift; sourceTree = "<group>"; };
/* End PBXFileReference section */

/* Begin PBXFrameworksBuildPhase section */
		478434192C8C38D500456192 /* Frameworks */ = {
			isa = PBXFrameworksBuildPhase;
			buildActionMask = 2147483647;
			files = (
				47C086332C8DB15700030313 /* DifferenceKit in Frameworks */,
				47826FCA2C901C7B00D2D8F4 /* Differ in Frameworks */,
				47C086302C8CC27D00030313 /* HotKey in Frameworks */,
				47826FCD2C90317A00D2D8F4 /* PythonKit in Frameworks */,
			);
			runOnlyForDeploymentPostprocessing = 0;
		};
		4784342A2C8C38D700456192 /* Frameworks */ = {
			isa = PBXFrameworksBuildPhase;
			buildActionMask = 2147483647;
			files = (
				47C086352C8DB1D800030313 /* DifferenceKit in Frameworks */,
			);
			runOnlyForDeploymentPostprocessing = 0;
		};
		478434342C8C38D700456192 /* Frameworks */ = {
			isa = PBXFrameworksBuildPhase;
			buildActionMask = 2147483647;
			files = (
				47C086372C8DB1EF00030313 /* DifferenceKit in Frameworks */,
			);
			runOnlyForDeploymentPostprocessing = 0;
		};
/* End PBXFrameworksBuildPhase section */

/* Begin PBXGroup section */
		478434132C8C38D500456192 = {
			isa = PBXGroup;
			children = (
				4784341E2C8C38D500456192 /* TextCorrection */,
				478434302C8C38D700456192 /* TextCorrectionTests */,
				4784343A2C8C38D700456192 /* TextCorrectionUITests */,
				4784341D2C8C38D500456192 /* Products */,
			);
			sourceTree = "<group>";
		};
		4784341D2C8C38D500456192 /* Products */ = {
			isa = PBXGroup;
			children = (
				4784341C2C8C38D500456192 /* TextCorrection.app */,
				4784342D2C8C38D700456192 /* TextCorrectionTests.xctest */,
				478434372C8C38D700456192 /* TextCorrectionUITests.xctest */,
			);
			name = Products;
			sourceTree = "<group>";
		};
		4784341E2C8C38D500456192 /* TextCorrection */ = {
			isa = PBXGroup;
			children = (
				47826FC62C8F616100D2D8F4 /* Info.plist */,
				47826FB32C8F5A4400D2D8F4 /* AccessibilityManager.swift */,
				47826FB02C8F5A4400D2D8F4 /* AppDelegate.swift */,
				47826FB92C8F5A4500D2D8F4 /* HotKeyManager.swift */,
				47826FB82C8F5A4500D2D8F4 /* NSColorExtension.swift */,
				47826FAE2C8F5A4400D2D8F4 /* OpenAIModels.swift */,
				47826FB12C8F5A4400D2D8F4 /* OpenAIService.swift */,
				47826FB72C8F5A4500D2D8F4 /* PasteboardManager.swift */,
				47826FB62C8F5A4500D2D8F4 /* StatusItemManager.swift */,
				47826FAF2C8F5A4400D2D8F4 /* TextCorrectionError.swift */,
				47826FB22C8F5A4400D2D8F4 /* TextProcessing.swift */,
				47826FB52C8F5A4500D2D8F4 /* TextWindowManager.swift */,
				47826FB42C8F5A4500D2D8F4 /* Utilities.swift */,
				4754AB212C8E8DA0004FFCA0 /* 仓耳今楷01-W05.ttf */,
				4784341F2C8C38D500456192 /* TextCorrectionApp.swift */,
				478434212C8C38D500456192 /* ContentView.swift */,
				478434232C8C38D700456192 /* Assets.xcassets */,
				478434282C8C38D700456192 /* TextCorrection.entitlements */,
				478434252C8C38D700456192 /* Preview Content */,
			);
			path = TextCorrection;
			sourceTree = "<group>";
		};
		478434252C8C38D700456192 /* Preview Content */ = {
			isa = PBXGroup;
			children = (
				478434262C8C38D700456192 /* Preview Assets.xcassets */,
			);
			path = "Preview Content";
			sourceTree = "<group>";
		};
		478434302C8C38D700456192 /* TextCorrectionTests */ = {
			isa = PBXGroup;
			children = (
				478434312C8C38D700456192 /* TextCorrectionTests.swift */,
			);
			path = TextCorrectionTests;
			sourceTree = "<group>";
		};
		4784343A2C8C38D700456192 /* TextCorrectionUITests */ = {
			isa = PBXGroup;
			children = (
				4784343B2C8C38D700456192 /* TextCorrectionUITests.swift */,
				4784343D2C8C38D700456192 /* TextCorrectionUITestsLaunchTests.swift */,
			);
			path = TextCorrectionUITests;
			sourceTree = "<group>";
		};
/* End PBXGroup section */

/* Begin PBXNativeTarget section */
		4784341B2C8C38D500456192 /* TextCorrection */ = {
			isa = PBXNativeTarget;
			buildConfigurationList = 478434412C8C38D700456192 /* Build configuration list for PBXNativeTarget "TextCorrection" */;
			buildPhases = (
				478434182C8C38D500456192 /* Sources */,
				478434192C8C38D500456192 /* Frameworks */,
				4784341A2C8C38D500456192 /* Resources */,
			);
			buildRules = (
			);
			dependencies = (
			);
			name = TextCorrection;
			packageProductDependencies = (
				47C0862F2C8CC27D00030313 /* HotKey */,
				47C086322C8DB15700030313 /* DifferenceKit */,
				47826FC92C901C7B00D2D8F4 /* Differ */,
				47826FCC2C90317A00D2D8F4 /* PythonKit */,
			);
			productName = TextCorrection;
			productReference = 4784341C2C8C38D500456192 /* TextCorrection.app */;
			productType = "com.apple.product-type.application";
		};
		4784342C2C8C38D700456192 /* TextCorrectionTests */ = {
			isa = PBXNativeTarget;
			buildConfigurationList = 478434442C8C38D700456192 /* Build configuration list for PBXNativeTarget "TextCorrectionTests" */;
			buildPhases = (
				478434292C8C38D700456192 /* Sources */,
				4784342A2C8C38D700456192 /* Frameworks */,
				4784342B2C8C38D700456192 /* Resources */,
			);
			buildRules = (
			);
			dependencies = (
				4784342F2C8C38D700456192 /* PBXTargetDependency */,
			);
			name = TextCorrectionTests;
			packageProductDependencies = (
				47C086342C8DB1D800030313 /* DifferenceKit */,
			);
			productName = TextCorrectionTests;
			productReference = 4784342D2C8C38D700456192 /* TextCorrectionTests.xctest */;
			productType = "com.apple.product-type.bundle.unit-test";
		};
		478434362C8C38D700456192 /* TextCorrectionUITests */ = {
			isa = PBXNativeTarget;
			buildConfigurationList = 478434472C8C38D700456192 /* Build configuration list for PBXNativeTarget "TextCorrectionUITests" */;
			buildPhases = (
				478434332C8C38D700456192 /* Sources */,
				478434342C8C38D700456192 /* Frameworks */,
				478434352C8C38D700456192 /* Resources */,
			);
			buildRules = (
			);
			dependencies = (
				478434392C8C38D700456192 /* PBXTargetDependency */,
			);
			name = TextCorrectionUITests;
			packageProductDependencies = (
				47C086362C8DB1EF00030313 /* DifferenceKit */,
			);
			productName = TextCorrectionUITests;
			productReference = 478434372C8C38D700456192 /* TextCorrectionUITests.xctest */;
			productType = "com.apple.product-type.bundle.ui-testing";
		};
/* End PBXNativeTarget section */

/* Begin PBXProject section */
		478434142C8C38D500456192 /* Project object */ = {
			isa = PBXProject;
			attributes = {
				BuildIndependentTargetsInParallel = 1;
				LastSwiftUpdateCheck = 1540;
				LastUpgradeCheck = 1540;
				TargetAttributes = {
					4784341B2C8C38D500456192 = {
						CreatedOnToolsVersion = 15.4;
					};
					4784342C2C8C38D700456192 = {
						CreatedOnToolsVersion = 15.4;
						TestTargetID = 4784341B2C8C38D500456192;
					};
					478434362C8C38D700456192 = {
						CreatedOnToolsVersion = 15.4;
						TestTargetID = 4784341B2C8C38D500456192;
					};
				};
			};
			buildConfigurationList = 478434172C8C38D500456192 /* Build configuration list for PBXProject "TextCorrection" */;
			compatibilityVersion = "Xcode 14.0";
			developmentRegion = en;
			hasScannedForEncodings = 0;
			knownRegions = (
				en,
				Base,
			);
			mainGroup = 478434132C8C38D500456192;
			packageReferences = (
				47C0862E2C8CC1E600030313 /* XCRemoteSwiftPackageReference "HotKey" */,
				47C086312C8DB15700030313 /* XCRemoteSwiftPackageReference "DifferenceKit" */,
				47826FC82C901C7B00D2D8F4 /* XCRemoteSwiftPackageReference "Differ" */,
				47826FCB2C90317A00D2D8F4 /* XCRemoteSwiftPackageReference "PythonKit" */,
			);
			productRefGroup = 4784341D2C8C38D500456192 /* Products */;
			projectDirPath = "";
			projectRoot = "";
			targets = (
				4784341B2C8C38D500456192 /* TextCorrection */,
				4784342C2C8C38D700456192 /* TextCorrectionTests */,
				478434362C8C38D700456192 /* TextCorrectionUITests */,
			);
		};
/* End PBXProject section */

/* Begin PBXResourcesBuildPhase section */
		4784341A2C8C38D500456192 /* Resources */ = {
			isa = PBXResourcesBuildPhase;
			buildActionMask = 2147483647;
			files = (
				47826FC72C8F616100D2D8F4 /* Info.plist in Resources */,
				478434272C8C38D700456192 /* Preview Assets.xcassets in Resources */,
				478434242C8C38D700456192 /* Assets.xcassets in Resources */,
				4754AB222C8E8DA0004FFCA0 /* 仓耳今楷01-W05.ttf in Resources */,
			);
			runOnlyForDeploymentPostprocessing = 0;
		};
		4784342B2C8C38D700456192 /* Resources */ = {
			isa = PBXResourcesBuildPhase;
			buildActionMask = 2147483647;
			files = (
				4754AB232C8E8DA0004FFCA0 /* 仓耳今楷01-W05.ttf in Resources */,
			);
			runOnlyForDeploymentPostprocessing = 0;
		};
		478434352C8C38D700456192 /* Resources */ = {
			isa = PBXResourcesBuildPhase;
			buildActionMask = 2147483647;
			files = (
				4754AB242C8E8DA0004FFCA0 /* 仓耳今楷01-W05.ttf in Resources */,
			);
			runOnlyForDeploymentPostprocessing = 0;
		};
/* End PBXResourcesBuildPhase section */

/* Begin PBXSourcesBuildPhase section */
		478434182C8C38D500456192 /* Sources */ = {
			isa = PBXSourcesBuildPhase;
			buildActionMask = 2147483647;
			files = (
				47826FC42C8F5A4500D2D8F4 /* NSColorExtension.swift in Sources */,
				47826FBF2C8F5A4500D2D8F4 /* AccessibilityManager.swift in Sources */,
				478434222C8C38D500456192 /* ContentView.swift in Sources */,
				478434202C8C38D500456192 /* TextCorrectionApp.swift in Sources */,
				47826FBA2C8F5A4500D2D8F4 /* OpenAIModels.swift in Sources */,
				47826FC12C8F5A4500D2D8F4 /* TextWindowManager.swift in Sources */,
				47826FBE2C8F5A4500D2D8F4 /* TextProcessing.swift in Sources */,
				47826FC32C8F5A4500D2D8F4 /* PasteboardManager.swift in Sources */,
				47826FBC2C8F5A4500D2D8F4 /* AppDelegate.swift in Sources */,
				47826FC22C8F5A4500D2D8F4 /* StatusItemManager.swift in Sources */,
				47826FC02C8F5A4500D2D8F4 /* Utilities.swift in Sources */,
				47826FBB2C8F5A4500D2D8F4 /* TextCorrectionError.swift in Sources */,
				47826FBD2C8F5A4500D2D8F4 /* OpenAIService.swift in Sources */,
				47826FC52C8F5A4500D2D8F4 /* HotKeyManager.swift in Sources */,
			);
			runOnlyForDeploymentPostprocessing = 0;
		};
		478434292C8C38D700456192 /* Sources */ = {
			isa = PBXSourcesBuildPhase;
			buildActionMask = 2147483647;
			files = (
				478434322C8C38D700456192 /* TextCorrectionTests.swift in Sources */,
			);
			runOnlyForDeploymentPostprocessing = 0;
		};
		478434332C8C38D700456192 /* Sources */ = {
			isa = PBXSourcesBuildPhase;
			buildActionMask = 2147483647;
			files = (
				4784343C2C8C38D700456192 /* TextCorrectionUITests.swift in Sources */,
				4784343E2C8C38D700456192 /* TextCorrectionUITestsLaunchTests.swift in Sources */,
			);
			runOnlyForDeploymentPostprocessing = 0;
		};
/* End PBXSourcesBuildPhase section */

/* Begin PBXTargetDependency section */
		4784342F2C8C38D700456192 /* PBXTargetDependency */ = {
			isa = PBXTargetDependency;
			target = 4784341B2C8C38D500456192 /* TextCorrection */;
			targetProxy = 4784342E2C8C38D700456192 /* PBXContainerItemProxy */;
		};
		478434392C8C38D700456192 /* PBXTargetDependency */ = {
			isa = PBXTargetDependency;
			target = 4784341B2C8C38D500456192 /* TextCorrection */;
			targetProxy = 478434382C8C38D700456192 /* PBXContainerItemProxy */;
		};
/* End PBXTargetDependency section */

/* Begin XCBuildConfiguration section */
		4784343F2C8C38D700456192 /* Debug */ = {
			isa = XCBuildConfiguration;
			buildSettings = {
				ALWAYS_SEARCH_USER_PATHS = NO;
				ASSETCATALOG_COMPILER_GENERATE_SWIFT_ASSET_SYMBOL_EXTENSIONS = YES;
				CLANG_ANALYZER_NONNULL = YES;
				CLANG_ANALYZER_NUMBER_OBJECT_CONVERSION = YES_AGGRESSIVE;
				CLANG_CXX_LANGUAGE_STANDARD = "gnu++20";
				CLANG_ENABLE_MODULES = YES;
				CLANG_ENABLE_OBJC_ARC = YES;
				CLANG_ENABLE_OBJC_WEAK = YES;
				CLANG_WARN_BLOCK_CAPTURE_AUTORELEASING = YES;
				CLANG_WARN_BOOL_CONVERSION = YES;
				CLANG_WARN_COMMA = YES;
				CLANG_WARN_CONSTANT_CONVERSION = YES;
				CLANG_WARN_DEPRECATED_OBJC_IMPLEMENTATIONS = YES;
				CLANG_WARN_DIRECT_OBJC_ISA_USAGE = YES_ERROR;
				CLANG_WARN_DOCUMENTATION_COMMENTS = YES;
				CLANG_WARN_EMPTY_BODY = YES;
				CLANG_WARN_ENUM_CONVERSION = YES;
				CLANG_WARN_INFINITE_RECURSION = YES;
				CLANG_WARN_INT_CONVERSION = YES;
				CLANG_WARN_NON_LITERAL_NULL_CONVERSION = YES;
				CLANG_WARN_OBJC_IMPLICIT_RETAIN_SELF = YES;
				CLANG_WARN_OBJC_LITERAL_CONVERSION = YES;
				CLANG_WARN_OBJC_ROOT_CLASS = YES_ERROR;
				CLANG_WARN_QUOTED_INCLUDE_IN_FRAMEWORK_HEADER = YES;
				CLANG_WARN_RANGE_LOOP_ANALYSIS = YES;
				CLANG_WARN_STRICT_PROTOTYPES = YES;
				CLANG_WARN_SUSPICIOUS_MOVE = YES;
				CLANG_WARN_UNGUARDED_AVAILABILITY = YES_AGGRESSIVE;
				CLANG_WARN_UNREACHABLE_CODE = YES;
				CLANG_WARN__DUPLICATE_METHOD_MATCH = YES;
				COPY_PHASE_STRIP = NO;
				DEBUG_INFORMATION_FORMAT = dwarf;
				ENABLE_STRICT_OBJC_MSGSEND = YES;
				ENABLE_TESTABILITY = YES;
				ENABLE_USER_SCRIPT_SANDBOXING = YES;
				GCC_C_LANGUAGE_STANDARD = gnu17;
				GCC_DYNAMIC_NO_PIC = NO;
				GCC_NO_COMMON_BLOCKS = YES;
				GCC_OPTIMIZATION_LEVEL = 0;
				GCC_PREPROCESSOR_DEFINITIONS = (
					"DEBUG=1",
					"$(inherited)",
				);
				GCC_WARN_64_TO_32_BIT_CONVERSION = YES;
				GCC_WARN_ABOUT_RETURN_TYPE = YES_ERROR;
				GCC_WARN_UNDECLARED_SELECTOR = YES;
				GCC_WARN_UNINITIALIZED_AUTOS = YES_AGGRESSIVE;
				GCC_WARN_UNUSED_FUNCTION = YES;
				GCC_WARN_UNUSED_VARIABLE = YES;
				LOCALIZATION_PREFERS_STRING_CATALOGS = YES;
				MACOSX_DEPLOYMENT_TARGET = 14.5;
				MTL_ENABLE_DEBUG_INFO = INCLUDE_SOURCE;
				MTL_FAST_MATH = YES;
				ONLY_ACTIVE_ARCH = YES;
				SDKROOT = macosx;
				SWIFT_ACTIVE_COMPILATION_CONDITIONS = "DEBUG $(inherited)";
				SWIFT_OPTIMIZATION_LEVEL = "-Onone";
			};
			name = Debug;
		};
		478434402C8C38D700456192 /* Release */ = {
			isa = XCBuildConfiguration;
			buildSettings = {
				ALWAYS_SEARCH_USER_PATHS = NO;
				ASSETCATALOG_COMPILER_GENERATE_SWIFT_ASSET_SYMBOL_EXTENSIONS = YES;
				CLANG_ANALYZER_NONNULL = YES;
				CLANG_ANALYZER_NUMBER_OBJECT_CONVERSION = YES_AGGRESSIVE;
				CLANG_CXX_LANGUAGE_STANDARD = "gnu++20";
				CLANG_ENABLE_MODULES = YES;
				CLANG_ENABLE_OBJC_ARC = YES;
				CLANG_ENABLE_OBJC_WEAK = YES;
				CLANG_WARN_BLOCK_CAPTURE_AUTORELEASING = YES;
				CLANG_WARN_BOOL_CONVERSION = YES;
				CLANG_WARN_COMMA = YES;
				CLANG_WARN_CONSTANT_CONVERSION = YES;
				CLANG_WARN_DEPRECATED_OBJC_IMPLEMENTATIONS = YES;
				CLANG_WARN_DIRECT_OBJC_ISA_USAGE = YES_ERROR;
				CLANG_WARN_DOCUMENTATION_COMMENTS = YES;
				CLANG_WARN_EMPTY_BODY = YES;
				CLANG_WARN_ENUM_CONVERSION = YES;
				CLANG_WARN_INFINITE_RECURSION = YES;
				CLANG_WARN_INT_CONVERSION = YES;
				CLANG_WARN_NON_LITERAL_NULL_CONVERSION = YES;
				CLANG_WARN_OBJC_IMPLICIT_RETAIN_SELF = YES;
				CLANG_WARN_OBJC_LITERAL_CONVERSION = YES;
				CLANG_WARN_OBJC_ROOT_CLASS = YES_ERROR;
				CLANG_WARN_QUOTED_INCLUDE_IN_FRAMEWORK_HEADER = YES;
				CLANG_WARN_RANGE_LOOP_ANALYSIS = YES;
				CLANG_WARN_STRICT_PROTOTYPES = YES;
				CLANG_WARN_SUSPICIOUS_MOVE = YES;
				CLANG_WARN_UNGUARDED_AVAILABILITY = YES_AGGRESSIVE;
				CLANG_WARN_UNREACHABLE_CODE = YES;
				CLANG_WARN__DUPLICATE_METHOD_MATCH = YES;
				COPY_PHASE_STRIP = NO;
				DEBUG_INFORMATION_FORMAT = "dwarf-with-dsym";
				ENABLE_NS_ASSERTIONS = NO;
				ENABLE_STRICT_OBJC_MSGSEND = YES;
				ENABLE_USER_SCRIPT_SANDBOXING = YES;
				GCC_C_LANGUAGE_STANDARD = gnu17;
				GCC_NO_COMMON_BLOCKS = YES;
				GCC_WARN_64_TO_32_BIT_CONVERSION = YES;
				GCC_WARN_ABOUT_RETURN_TYPE = YES_ERROR;
				GCC_WARN_UNDECLARED_SELECTOR = YES;
				GCC_WARN_UNINITIALIZED_AUTOS = YES_AGGRESSIVE;
				GCC_WARN_UNUSED_FUNCTION = YES;
				GCC_WARN_UNUSED_VARIABLE = YES;
				LOCALIZATION_PREFERS_STRING_CATALOGS = YES;
				MACOSX_DEPLOYMENT_TARGET = 14.5;
				MTL_ENABLE_DEBUG_INFO = NO;
				MTL_FAST_MATH = YES;
				SDKROOT = macosx;
				SWIFT_COMPILATION_MODE = wholemodule;
			};
			name = Release;
		};
		478434422C8C38D700456192 /* Debug */ = {
			isa = XCBuildConfiguration;
			buildSettings = {
				ASSETCATALOG_COMPILER_APPICON_NAME = AppIcon;
				ASSETCATALOG_COMPILER_GLOBAL_ACCENT_COLOR_NAME = AccentColor;
				CODE_SIGN_ENTITLEMENTS = TextCorrection/TextCorrection.entitlements;
				CODE_SIGN_STYLE = Automatic;
				COMBINE_HIDPI_IMAGES = YES;
				CURRENT_PROJECT_VERSION = 1;
				DEVELOPMENT_ASSET_PATHS = "\"TextCorrection/Preview Content\"";
				DEVELOPMENT_TEAM = 32Q6PKWA43;
				ENABLE_HARDENED_RUNTIME = YES;
				ENABLE_PREVIEWS = YES;
				GENERATE_INFOPLIST_FILE = YES;
				INFOPLIST_KEY_NSHumanReadableCopyright = "";
				LD_RUNPATH_SEARCH_PATHS = (
					"$(inherited)",
					"@executable_path/../Frameworks",
				);
				MARKETING_VERSION = 1.0;
				PRODUCT_BUNDLE_IDENTIFIER = com.circleghost.TextCorrection;
				PRODUCT_NAME = "$(TARGET_NAME)";
				SWIFT_EMIT_LOC_STRINGS = YES;
				SWIFT_VERSION = 5.0;
			};
			name = Debug;
		};
		478434432C8C38D700456192 /* Release */ = {
			isa = XCBuildConfiguration;
			buildSettings = {
				ASSETCATALOG_COMPILER_APPICON_NAME = AppIcon;
				ASSETCATALOG_COMPILER_GLOBAL_ACCENT_COLOR_NAME = AccentColor;
				CODE_SIGN_ENTITLEMENTS = TextCorrection/TextCorrection.entitlements;
				CODE_SIGN_STYLE = Automatic;
				COMBINE_HIDPI_IMAGES = YES;
				CURRENT_PROJECT_VERSION = 1;
				DEVELOPMENT_ASSET_PATHS = "\"TextCorrection/Preview Content\"";
				DEVELOPMENT_TEAM = 32Q6PKWA43;
				ENABLE_HARDENED_RUNTIME = YES;
				ENABLE_PREVIEWS = YES;
				GENERATE_INFOPLIST_FILE = YES;
				INFOPLIST_KEY_NSHumanReadableCopyright = "";
				LD_RUNPATH_SEARCH_PATHS = (
					"$(inherited)",
					"@executable_path/../Frameworks",
				);
				MARKETING_VERSION = 1.0;
				PRODUCT_BUNDLE_IDENTIFIER = com.circleghost.TextCorrection;
				PRODUCT_NAME = "$(TARGET_NAME)";
				SWIFT_EMIT_LOC_STRINGS = YES;
				SWIFT_VERSION = 5.0;
			};
			name = Release;
		};
		478434452C8C38D700456192 /* Debug */ = {
			isa = XCBuildConfiguration;
			buildSettings = {
				ALWAYS_EMBED_SWIFT_STANDARD_LIBRARIES = YES;
				BUNDLE_LOADER = "$(TEST_HOST)";
				CODE_SIGN_STYLE = Automatic;
				CURRENT_PROJECT_VERSION = 1;
				DEVELOPMENT_TEAM = 32Q6PKWA43;
				GENERATE_INFOPLIST_FILE = YES;
				MACOSX_DEPLOYMENT_TARGET = 14.5;
				MARKETING_VERSION = 1.0;
				PRODUCT_BUNDLE_IDENTIFIER = com.circleghost.TextCorrectionTests;
				PRODUCT_NAME = "$(TARGET_NAME)";
				SWIFT_EMIT_LOC_STRINGS = NO;
				SWIFT_VERSION = 5.0;
				TEST_HOST = "$(BUILT_PRODUCTS_DIR)/TextCorrection.app/$(BUNDLE_EXECUTABLE_FOLDER_PATH)/TextCorrection";
			};
			name = Debug;
		};
		478434462C8C38D700456192 /* Release */ = {
			isa = XCBuildConfiguration;
			buildSettings = {
				ALWAYS_EMBED_SWIFT_STANDARD_LIBRARIES = YES;
				BUNDLE_LOADER = "$(TEST_HOST)";
				CODE_SIGN_STYLE = Automatic;
				CURRENT_PROJECT_VERSION = 1;
				DEVELOPMENT_TEAM = 32Q6PKWA43;
				GENERATE_INFOPLIST_FILE = YES;
				MACOSX_DEPLOYMENT_TARGET = 14.5;
				MARKETING_VERSION = 1.0;
				PRODUCT_BUNDLE_IDENTIFIER = com.circleghost.TextCorrectionTests;
				PRODUCT_NAME = "$(TARGET_NAME)";
				SWIFT_EMIT_LOC_STRINGS = NO;
				SWIFT_VERSION = 5.0;
				TEST_HOST = "$(BUILT_PRODUCTS_DIR)/TextCorrection.app/$(BUNDLE_EXECUTABLE_FOLDER_PATH)/TextCorrection";
			};
			name = Release;
		};
		478434482C8C38D700456192 /* Debug */ = {
			isa = XCBuildConfiguration;
			buildSettings = {
				ALWAYS_EMBED_SWIFT_STANDARD_LIBRARIES = YES;
				CODE_SIGN_STYLE = Automatic;
				CURRENT_PROJECT_VERSION = 1;
				DEVELOPMENT_TEAM = 32Q6PKWA43;
				GENERATE_INFOPLIST_FILE = YES;
				MARKETING_VERSION = 1.0;
				PRODUCT_BUNDLE_IDENTIFIER = com.circleghost.TextCorrectionUITests;
				PRODUCT_NAME = "$(TARGET_NAME)";
				SWIFT_EMIT_LOC_STRINGS = NO;
				SWIFT_VERSION = 5.0;
				TEST_TARGET_NAME = TextCorrection;
			};
			name = Debug;
		};
		478434492C8C38D700456192 /* Release */ = {
			isa = XCBuildConfiguration;
			buildSettings = {
				ALWAYS_EMBED_SWIFT_STANDARD_LIBRARIES = YES;
				CODE_SIGN_STYLE = Automatic;
				CURRENT_PROJECT_VERSION = 1;
				DEVELOPMENT_TEAM = 32Q6PKWA43;
				GENERATE_INFOPLIST_FILE = YES;
				MARKETING_VERSION = 1.0;
				PRODUCT_BUNDLE_IDENTIFIER = com.circleghost.TextCorrectionUITests;
				PRODUCT_NAME = "$(TARGET_NAME)";
				SWIFT_EMIT_LOC_STRINGS = NO;
				SWIFT_VERSION = 5.0;
				TEST_TARGET_NAME = TextCorrection;
			};
			name = Release;
		};
/* End XCBuildConfiguration section */

/* Begin XCConfigurationList section */
		478434172C8C38D500456192 /* Build configuration list for PBXProject "TextCorrection" */ = {
			isa = XCConfigurationList;
			buildConfigurations = (
				4784343F2C8C38D700456192 /* Debug */,
				478434402C8C38D700456192 /* Release */,
			);
			defaultConfigurationIsVisible = 0;
			defaultConfigurationName = Release;
		};
		478434412C8C38D700456192 /* Build configuration list for PBXNativeTarget "TextCorrection" */ = {
			isa = XCConfigurationList;
			buildConfigurations = (
				478434422C8C38D700456192 /* Debug */,
				478434432C8C38D700456192 /* Release */,
			);
			defaultConfigurationIsVisible = 0;
			defaultConfigurationName = Release;
		};
		478434442C8C38D700456192 /* Build configuration list for PBXNativeTarget "TextCorrectionTests" */ = {
			isa = XCConfigurationList;
			buildConfigurations = (
				478434452C8C38D700456192 /* Debug */,
				478434462C8C38D700456192 /* Release */,
			);
			defaultConfigurationIsVisible = 0;
			defaultConfigurationName = Release;
		};
		478434472C8C38D700456192 /* Build configuration list for PBXNativeTarget "TextCorrectionUITests" */ = {
			isa = XCConfigurationList;
			buildConfigurations = (
				478434482C8C38D700456192 /* Debug */,
				478434492C8C38D700456192 /* Release */,
			);
			defaultConfigurationIsVisible = 0;
			defaultConfigurationName = Release;
		};
/* End XCConfigurationList section */

/* Begin XCRemoteSwiftPackageReference section */
		47826FC82C901C7B00D2D8F4 /* XCRemoteSwiftPackageReference "Differ" */ = {
			isa = XCRemoteSwiftPackageReference;
			repositoryURL = "https://github.com/tonyarnold/Differ";
			requirement = {
				kind = upToNextMajorVersion;
				minimumVersion = 1.4.6;
			};
		};
		47826FCB2C90317A00D2D8F4 /* XCRemoteSwiftPackageReference "PythonKit" */ = {
			isa = XCRemoteSwiftPackageReference;
			repositoryURL = "https://github.com/pvieito/PythonKit.git";
			requirement = {
				branch = master;
				kind = branch;
			};
		};
		47C0862E2C8CC1E600030313 /* XCRemoteSwiftPackageReference "HotKey" */ = {
			isa = XCRemoteSwiftPackageReference;
			repositoryURL = "https://github.com/soffes/HotKey";
			requirement = {
				branch = main;
				kind = branch;
			};
		};
		47C086312C8DB15700030313 /* XCRemoteSwiftPackageReference "DifferenceKit" */ = {
			isa = XCRemoteSwiftPackageReference;
			repositoryURL = "https://github.com/ra1028/DifferenceKit";
			requirement = {
				kind = upToNextMajorVersion;
				minimumVersion = 1.3.0;
			};
		};
/* End XCRemoteSwiftPackageReference section */

/* Begin XCSwiftPackageProductDependency section */
		47826FC92C901C7B00D2D8F4 /* Differ */ = {
			isa = XCSwiftPackageProductDependency;
			package = 47826FC82C901C7B00D2D8F4 /* XCRemoteSwiftPackageReference "Differ" */;
			productName = Differ;
		};
		47826FCC2C90317A00D2D8F4 /* PythonKit */ = {
			isa = XCSwiftPackageProductDependency;
			package = 47826FCB2C90317A00D2D8F4 /* XCRemoteSwiftPackageReference "PythonKit" */;
			productName = PythonKit;
		};
		47C0862F2C8CC27D00030313 /* HotKey */ = {
			isa = XCSwiftPackageProductDependency;
			package = 47C0862E2C8CC1E600030313 /* XCRemoteSwiftPackageReference "HotKey" */;
			productName = HotKey;
		};
		47C086322C8DB15700030313 /* DifferenceKit */ = {
			isa = XCSwiftPackageProductDependency;
			package = 47C086312C8DB15700030313 /* XCRemoteSwiftPackageReference "DifferenceKit" */;
			productName = DifferenceKit;
		};
		47C086342C8DB1D800030313 /* DifferenceKit */ = {
			isa = XCSwiftPackageProductDependency;
			package = 47C086312C8DB15700030313 /* XCRemoteSwiftPackageReference "DifferenceKit" */;
			productName = DifferenceKit;
		};
		47C086362C8DB1EF00030313 /* DifferenceKit */ = {
			isa = XCSwiftPackageProductDependency;
			package = 47C086312C8DB15700030313 /* XCRemoteSwiftPackageReference "DifferenceKit" */;
			productName = DifferenceKit;
		};
/* End XCSwiftPackageProductDependency section */
	};
	rootObject = 478434142C8C38D500456192 /* Project object */;
}
